
Microsoft Visual Studio Solution File, Format Version 12.00
# Visual Studio Version 16
VisualStudioVersion = 16.0.29728.190
MinimumVisualStudioVersion = 10.0.40219.1
Project("{FAE04EC0-301F-11D3-BF4B-00C04F79EFBC}") = "ShopeeAuto", "ShopeeAuto\ShopeeAuto.csproj", "{CF52FF32-715A-494A-86B4-D4D292AF9188}"
EndProject
Global
	GlobalSection(SolutionConfigurationPlatforms) = preSolution
		Debug|Any CPU = Debug|Any CPU
		Release|Any CPU = Release|Any CPU
	EndGlobalSection
	GlobalSection(ProjectConfigurationPlatforms) = postSolution
		{CF52FF32-715A-494A-86B4-D4D292AF9188}.Debug|Any CPU.ActiveCfg = Debug|Any CPU
		{CF52FF32-715A-494A-86B4-D4D292AF9188}.Debug|Any CPU.Build.0 = Debug|Any CPU
		{CF52FF32-715A-494A-86B4-D4D292AF9188}.Release|Any CPU.ActiveCfg = Release|Any CPU
		{CF52FF32-715A-494A-86B4-D4D292AF9188}.Release|Any CPU.Build.0 = Release|Any CPU
	EndGlobalSection
	GlobalSection(SolutionProperties) = preSolution
		HideSolutionNode = FALSE
	EndGlobalSection
	GlobalSection(ExtensibilityGlobals) = postSolution
		SolutionGuid = {AFCFDA5D-950E-4325-9ABD-629AE2FED0D4}
	EndGlobalSection
EndGlobal
